# This file is automatically @generated by Cargo.
# It is not intended for manual editing.
version = 4

[[package]]
name = "aiming"
version = "0.1.0"

[[package]]
name = "app"
version = "0.1.0"

[[package]]
name = "camera"
version = "0.1.0"

[[package]]
name = "core"
version = "0.1.0"

[[package]]
name = "hardware"
version = "0.1.0"

[[package]]
name = "telemetry"
version = "0.1.0"

[[package]]
name = "tracking"
version = "0.1.0"

[[package]]
name = "vision"
version = "0.1.0"
